
Microsoft Visual Studio Solution File, Format Version 12.00
# Visual Studio Version 17
VisualStudioVersion = 17.13.35931.197
MinimumVisualStudioVersion = 10.0.40219.1
Project("{FAE04EC0-301F-11D3-BF4B-00C04F79EFBC}") = "AppAmbitSdk", "src\AppAmbitSdk\AppAmbitSdk.csproj", "{ECF58D0A-F82B-4116-91DF-49588477FE54}"
EndProject
Project("{2150E333-8FDC-42A3-9474-1A3956D46DE8}") = "src", "src", "{827E0CD3-B72D-47B6-A68D-7590B98EB39B}"
EndProject
Project("{FAE04EC0-301F-11D3-BF4B-00C04F79EFBC}") = "AppAmbitSdkMaui", "src\AppAmbitSdkMaui\AppAmbitSdkMaui.csproj", "{D0B6F4C1-A98A-46BE-B567-077CEF5FDDB0}"
EndProject
Project("{FAE04EC0-301F-11D3-BF4B-00C04F79EFBC}") = "AppAmbitSdkAvalonia", "src\AppAmbitSdkAvalonia\AppAmbitSdkAvalonia.csproj", "{0A529EB1-7FDF-4E3E-8344-70CEA819FE98}"
EndProject
Project("{2150E333-8FDC-42A3-9474-1A3956D46DE8}") = "samples", "samples", "{5D20AA90-6969-D8BD-9DCD-8634F4692FDA}"
EndProject
Project("{FAE04EC0-301F-11D3-BF4B-00C04F79EFBC}") = "AppAmbitTestingAppWindows", "samples\AppAmbitTestingAppWindows\AppAmbitTestingAppWindows.csproj", "{93AEA7C0-4B3C-4C70-AC9D-672DFE59EAFE}"
EndProject
Project("{FAE04EC0-301F-11D3-BF4B-00C04F79EFBC}") = "AppAmbitTestingApp", "samples\AppAmbitTestingApp\AppAmbitTestingApp.csproj", "{C64A82D5-4AC5-4E3E-BBBC-0DD34109BE33}"
EndProject
Project("{FAE04EC0-301F-11D3-BF4B-00C04F79EFBC}") = "AppAmbitTestingAppAndroid", "samples\AppAmbitTestingAppAndroid\AppAmbitTestingAppAndroid.csproj", "{2C23C22A-3AFF-4924-BDB1-3038711E1DA7}"
EndProject
Project("{FAE04EC0-301F-11D3-BF4B-00C04F79EFBC}") = "AppAmbitTestingiOS", "samples\AppAmbitTestingiOS\AppAmbitTestingiOS.csproj", "{64E124BD-6001-4DE1-9C94-E988DFCFD379}"
EndProject
Project("{FAE04EC0-301F-11D3-BF4B-00C04F79EFBC}") = "AppAmbitTestingMacOs", "samples\AppAmbitTestingMacOs\AppAmbitTestingMacOs.csproj", "{689FC5A7-A1B8-4D02-AEDC-DEA5352BBF85}"
EndProject
Project("{2150E333-8FDC-42A3-9474-1A3956D46DE8}") = "AppAmbitTestingAppAvalonia", "AppAmbitTestingAppAvalonia", "{7B096B5A-3819-20F0-63A9-D3778BE23098}"
EndProject
Project("{FAE04EC0-301F-11D3-BF4B-00C04F79EFBC}") = "AppAmbitTestingAppAvalonia", "samples\AppAmbitTestingAppAvalonia\AppAmbitTestingAppAvalonia\AppAmbitTestingAppAvalonia.csproj", "{6E24EC06-DBD9-4E55-8546-4D93AB4CBE80}"
EndProject
Project("{FAE04EC0-301F-11D3-BF4B-00C04F79EFBC}") = "AppAmbitTestingAppAvalonia.Android", "samples\AppAmbitTestingAppAvalonia\AppAmbitTestingAppAvalonia.Android\AppAmbitTestingAppAvalonia.Android.csproj", "{46E68157-AE41-472D-8D3E-2D5A1987CCFD}"
EndProject
Project("{FAE04EC0-301F-11D3-BF4B-00C04F79EFBC}") = "AppAmbitTestingAppAvalonia.iOS", "samples\AppAmbitTestingAppAvalonia\AppAmbitTestingAppAvalonia.iOS\AppAmbitTestingAppAvalonia.iOS.csproj", "{D2AE1B31-0503-4AEC-8774-86E1D7CA6533}"
EndProject
Project("{FAE04EC0-301F-11D3-BF4B-00C04F79EFBC}") = "AppAmbitTestingAppAvalonia.Desktop", "samples\AppAmbitTestingAppAvalonia\AppAmbitTestingAppAvalonia.Desktop\AppAmbitTestingAppAvalonia.Desktop.csproj", "{90D47B48-7D43-40BA-942A-C38D4E03470E}"
EndProject
Project("{FAE04EC0-301F-11D3-BF4B-00C04F79EFBC}") = "AppAmbitTestingAppAvalonia.Browser", "samples\AppAmbitTestingAppAvalonia\AppAmbitTestingAppAvalonia.Browser\AppAmbitTestingAppAvalonia.Browser.csproj", "{4ACD5138-7128-4881-8057-06D6E1C2B4ED}"
EndProject
Global
	GlobalSection(SolutionConfigurationPlatforms) = preSolution
		Debug|Any CPU = Debug|Any CPU
		Debug|x64 = Debug|x64
		Debug|x86 = Debug|x86
		Release|Any CPU = Release|Any CPU
		Release|x64 = Release|x64
		Release|x86 = Release|x86
	EndGlobalSection
	GlobalSection(ProjectConfigurationPlatforms) = postSolution
		{ECF58D0A-F82B-4116-91DF-49588477FE54}.Debug|Any CPU.ActiveCfg = Debug|Any CPU
		{ECF58D0A-F82B-4116-91DF-49588477FE54}.Debug|Any CPU.Build.0 = Debug|Any CPU
		{ECF58D0A-F82B-4116-91DF-49588477FE54}.Debug|x64.ActiveCfg = Debug|Any CPU
		{ECF58D0A-F82B-4116-91DF-49588477FE54}.Debug|x64.Build.0 = Debug|Any CPU
		{ECF58D0A-F82B-4116-91DF-49588477FE54}.Debug|x86.ActiveCfg = Debug|Any CPU
		{ECF58D0A-F82B-4116-91DF-49588477FE54}.Debug|x86.Build.0 = Debug|Any CPU
		{ECF58D0A-F82B-4116-91DF-49588477FE54}.Release|Any CPU.ActiveCfg = Release|Any CPU
		{ECF58D0A-F82B-4116-91DF-49588477FE54}.Release|Any CPU.Build.0 = Release|Any CPU
		{ECF58D0A-F82B-4116-91DF-49588477FE54}.Release|x64.ActiveCfg = Release|Any CPU
		{ECF58D0A-F82B-4116-91DF-49588477FE54}.Release|x64.Build.0 = Release|Any CPU
		{ECF58D0A-F82B-4116-91DF-49588477FE54}.Release|x86.ActiveCfg = Release|Any CPU
		{ECF58D0A-F82B-4116-91DF-49588477FE54}.Release|x86.Build.0 = Release|Any CPU
		{D0B6F4C1-A98A-46BE-B567-077CEF5FDDB0}.Debug|Any CPU.ActiveCfg = Debug|Any CPU
		{D0B6F4C1-A98A-46BE-B567-077CEF5FDDB0}.Debug|Any CPU.Build.0 = Debug|Any CPU
		{D0B6F4C1-A98A-46BE-B567-077CEF5FDDB0}.Debug|x64.ActiveCfg = Debug|Any CPU
		{D0B6F4C1-A98A-46BE-B567-077CEF5FDDB0}.Debug|x64.Build.0 = Debug|Any CPU
		{D0B6F4C1-A98A-46BE-B567-077CEF5FDDB0}.Debug|x86.ActiveCfg = Debug|Any CPU
		{D0B6F4C1-A98A-46BE-B567-077CEF5FDDB0}.Debug|x86.Build.0 = Debug|Any CPU
		{D0B6F4C1-A98A-46BE-B567-077CEF5FDDB0}.Release|Any CPU.ActiveCfg = Release|Any CPU
		{D0B6F4C1-A98A-46BE-B567-077CEF5FDDB0}.Release|Any CPU.Build.0 = Release|Any CPU
		{D0B6F4C1-A98A-46BE-B567-077CEF5FDDB0}.Release|x64.ActiveCfg = Release|Any CPU
		{D0B6F4C1-A98A-46BE-B567-077CEF5FDDB0}.Release|x64.Build.0 = Release|Any CPU
		{D0B6F4C1-A98A-46BE-B567-077CEF5FDDB0}.Release|x86.ActiveCfg = Release|Any CPU
		{D0B6F4C1-A98A-46BE-B567-077CEF5FDDB0}.Release|x86.Build.0 = Release|Any CPU
		{0A529EB1-7FDF-4E3E-8344-70CEA819FE98}.Debug|Any CPU.ActiveCfg = Debug|Any CPU
		{0A529EB1-7FDF-4E3E-8344-70CEA819FE98}.Debug|Any CPU.Build.0 = Debug|Any CPU
		{0A529EB1-7FDF-4E3E-8344-70CEA819FE98}.Debug|x64.ActiveCfg = Debug|Any CPU
		{0A529EB1-7FDF-4E3E-8344-70CEA819FE98}.Debug|x64.Build.0 = Debug|Any CPU
		{0A529EB1-7FDF-4E3E-8344-70CEA819FE98}.Debug|x86.ActiveCfg = Debug|Any CPU
		{0A529EB1-7FDF-4E3E-8344-70CEA819FE98}.Debug|x86.Build.0 = Debug|Any CPU
		{0A529EB1-7FDF-4E3E-8344-70CEA819FE98}.Release|Any CPU.ActiveCfg = Release|Any CPU
		{0A529EB1-7FDF-4E3E-8344-70CEA819FE98}.Release|Any CPU.Build.0 = Release|Any CPU
		{0A529EB1-7FDF-4E3E-8344-70CEA819FE98}.Release|x64.ActiveCfg = Release|Any CPU
		{0A529EB1-7FDF-4E3E-8344-70CEA819FE98}.Release|x64.Build.0 = Release|Any CPU
		{0A529EB1-7FDF-4E3E-8344-70CEA819FE98}.Release|x86.ActiveCfg = Release|Any CPU
		{0A529EB1-7FDF-4E3E-8344-70CEA819FE98}.Release|x86.Build.0 = Release|Any CPU
		{93AEA7C0-4B3C-4C70-AC9D-672DFE59EAFE}.Debug|Any CPU.ActiveCfg = Debug|Any CPU
		{93AEA7C0-4B3C-4C70-AC9D-672DFE59EAFE}.Debug|Any CPU.Build.0 = Debug|Any CPU
		{93AEA7C0-4B3C-4C70-AC9D-672DFE59EAFE}.Debug|x64.ActiveCfg = Debug|Any CPU
		{93AEA7C0-4B3C-4C70-AC9D-672DFE59EAFE}.Debug|x64.Build.0 = Debug|Any CPU
		{93AEA7C0-4B3C-4C70-AC9D-672DFE59EAFE}.Debug|x86.ActiveCfg = Debug|Any CPU
		{93AEA7C0-4B3C-4C70-AC9D-672DFE59EAFE}.Debug|x86.Build.0 = Debug|Any CPU
		{93AEA7C0-4B3C-4C70-AC9D-672DFE59EAFE}.Release|Any CPU.ActiveCfg = Release|Any CPU
		{93AEA7C0-4B3C-4C70-AC9D-672DFE59EAFE}.Release|Any CPU.Build.0 = Release|Any CPU
		{93AEA7C0-4B3C-4C70-AC9D-672DFE59EAFE}.Release|x64.ActiveCfg = Release|Any CPU
		{93AEA7C0-4B3C-4C70-AC9D-672DFE59EAFE}.Release|x64.Build.0 = Release|Any CPU
		{93AEA7C0-4B3C-4C70-AC9D-672DFE59EAFE}.Release|x86.ActiveCfg = Release|Any CPU
		{93AEA7C0-4B3C-4C70-AC9D-672DFE59EAFE}.Release|x86.Build.0 = Release|Any CPU
		{C64A82D5-4AC5-4E3E-BBBC-0DD34109BE33}.Debug|Any CPU.ActiveCfg = Debug|Any CPU
		{C64A82D5-4AC5-4E3E-BBBC-0DD34109BE33}.Debug|Any CPU.Build.0 = Debug|Any CPU
		{C64A82D5-4AC5-4E3E-BBBC-0DD34109BE33}.Debug|Any CPU.Deploy.0 = Debug|Any CPU
		{C64A82D5-4AC5-4E3E-BBBC-0DD34109BE33}.Debug|x64.ActiveCfg = Debug|Any CPU
		{C64A82D5-4AC5-4E3E-BBBC-0DD34109BE33}.Debug|x64.Build.0 = Debug|Any CPU
		{C64A82D5-4AC5-4E3E-BBBC-0DD34109BE33}.Debug|x86.ActiveCfg = Debug|Any CPU
		{C64A82D5-4AC5-4E3E-BBBC-0DD34109BE33}.Debug|x86.Build.0 = Debug|Any CPU
		{C64A82D5-4AC5-4E3E-BBBC-0DD34109BE33}.Release|Any CPU.ActiveCfg = Release|Any CPU
		{C64A82D5-4AC5-4E3E-BBBC-0DD34109BE33}.Release|Any CPU.Build.0 = Release|Any CPU
		{C64A82D5-4AC5-4E3E-BBBC-0DD34109BE33}.Release|x64.ActiveCfg = Release|Any CPU
		{C64A82D5-4AC5-4E3E-BBBC-0DD34109BE33}.Release|x64.Build.0 = Release|Any CPU
		{C64A82D5-4AC5-4E3E-BBBC-0DD34109BE33}.Release|x86.ActiveCfg = Release|Any CPU
		{C64A82D5-4AC5-4E3E-BBBC-0DD34109BE33}.Release|x86.Build.0 = Release|Any CPU
		{2C23C22A-3AFF-4924-BDB1-3038711E1DA7}.Debug|Any CPU.ActiveCfg = Debug|Any CPU
		{2C23C22A-3AFF-4924-BDB1-3038711E1DA7}.Debug|Any CPU.Build.0 = Debug|Any CPU
		{2C23C22A-3AFF-4924-BDB1-3038711E1DA7}.Debug|Any CPU.Deploy.0 = Debug|Any CPU
		{2C23C22A-3AFF-4924-BDB1-3038711E1DA7}.Debug|x64.ActiveCfg = Debug|Any CPU
		{2C23C22A-3AFF-4924-BDB1-3038711E1DA7}.Debug|x64.Build.0 = Debug|Any CPU
		{2C23C22A-3AFF-4924-BDB1-3038711E1DA7}.Debug|x86.ActiveCfg = Debug|Any CPU
		{2C23C22A-3AFF-4924-BDB1-3038711E1DA7}.Debug|x86.Build.0 = Debug|Any CPU
		{2C23C22A-3AFF-4924-BDB1-3038711E1DA7}.Release|Any CPU.ActiveCfg = Release|Any CPU
		{2C23C22A-3AFF-4924-BDB1-3038711E1DA7}.Release|Any CPU.Build.0 = Release|Any CPU
		{2C23C22A-3AFF-4924-BDB1-3038711E1DA7}.Release|x64.ActiveCfg = Release|Any CPU
		{2C23C22A-3AFF-4924-BDB1-3038711E1DA7}.Release|x64.Build.0 = Release|Any CPU
		{2C23C22A-3AFF-4924-BDB1-3038711E1DA7}.Release|x86.ActiveCfg = Release|Any CPU
		{2C23C22A-3AFF-4924-BDB1-3038711E1DA7}.Release|x86.Build.0 = Release|Any CPU
		{64E124BD-6001-4DE1-9C94-E988DFCFD379}.Debug|Any CPU.ActiveCfg = Debug|Any CPU
		{64E124BD-6001-4DE1-9C94-E988DFCFD379}.Debug|Any CPU.Build.0 = Debug|Any CPU
		{64E124BD-6001-4DE1-9C94-E988DFCFD379}.Debug|x64.ActiveCfg = Debug|Any CPU
		{64E124BD-6001-4DE1-9C94-E988DFCFD379}.Debug|x64.Build.0 = Debug|Any CPU
		{64E124BD-6001-4DE1-9C94-E988DFCFD379}.Debug|x86.ActiveCfg = Debug|Any CPU
		{64E124BD-6001-4DE1-9C94-E988DFCFD379}.Debug|x86.Build.0 = Debug|Any CPU
		{64E124BD-6001-4DE1-9C94-E988DFCFD379}.Release|Any CPU.ActiveCfg = Release|Any CPU
		{64E124BD-6001-4DE1-9C94-E988DFCFD379}.Release|Any CPU.Build.0 = Release|Any CPU
		{64E124BD-6001-4DE1-9C94-E988DFCFD379}.Release|x64.ActiveCfg = Release|Any CPU
		{64E124BD-6001-4DE1-9C94-E988DFCFD379}.Release|x64.Build.0 = Release|Any CPU
		{64E124BD-6001-4DE1-9C94-E988DFCFD379}.Release|x86.ActiveCfg = Release|Any CPU
		{64E124BD-6001-4DE1-9C94-E988DFCFD379}.Release|x86.Build.0 = Release|Any CPU
		{689FC5A7-A1B8-4D02-AEDC-DEA5352BBF85}.Debug|Any CPU.ActiveCfg = Debug|Any CPU
		{689FC5A7-A1B8-4D02-AEDC-DEA5352BBF85}.Debug|Any CPU.Build.0 = Debug|Any CPU
		{689FC5A7-A1B8-4D02-AEDC-DEA5352BBF85}.Debug|x64.ActiveCfg = Debug|Any CPU
		{689FC5A7-A1B8-4D02-AEDC-DEA5352BBF85}.Debug|x64.Build.0 = Debug|Any CPU
		{689FC5A7-A1B8-4D02-AEDC-DEA5352BBF85}.Debug|x86.ActiveCfg = Debug|Any CPU
		{689FC5A7-A1B8-4D02-AEDC-DEA5352BBF85}.Debug|x86.Build.0 = Debug|Any CPU
		{689FC5A7-A1B8-4D02-AEDC-DEA5352BBF85}.Release|Any CPU.ActiveCfg = Release|Any CPU
		{689FC5A7-A1B8-4D02-AEDC-DEA5352BBF85}.Release|Any CPU.Build.0 = Release|Any CPU
		{689FC5A7-A1B8-4D02-AEDC-DEA5352BBF85}.Release|x64.ActiveCfg = Release|Any CPU
		{689FC5A7-A1B8-4D02-AEDC-DEA5352BBF85}.Release|x64.Build.0 = Release|Any CPU
		{689FC5A7-A1B8-4D02-AEDC-DEA5352BBF85}.Release|x86.ActiveCfg = Release|Any CPU
		{689FC5A7-A1B8-4D02-AEDC-DEA5352BBF85}.Release|x86.Build.0 = Release|Any CPU
		{6E24EC06-DBD9-4E55-8546-4D93AB4CBE80}.Debug|Any CPU.ActiveCfg = Debug|Any CPU
		{6E24EC06-DBD9-4E55-8546-4D93AB4CBE80}.Debug|Any CPU.Build.0 = Debug|Any CPU
		{6E24EC06-DBD9-4E55-8546-4D93AB4CBE80}.Debug|x64.ActiveCfg = Debug|Any CPU
		{6E24EC06-DBD9-4E55-8546-4D93AB4CBE80}.Debug|x64.Build.0 = Debug|Any CPU
		{6E24EC06-DBD9-4E55-8546-4D93AB4CBE80}.Debug|x86.ActiveCfg = Debug|Any CPU
		{6E24EC06-DBD9-4E55-8546-4D93AB4CBE80}.Debug|x86.Build.0 = Debug|Any CPU
		{6E24EC06-DBD9-4E55-8546-4D93AB4CBE80}.Release|Any CPU.ActiveCfg = Release|Any CPU
		{6E24EC06-DBD9-4E55-8546-4D93AB4CBE80}.Release|Any CPU.Build.0 = Release|Any CPU
		{6E24EC06-DBD9-4E55-8546-4D93AB4CBE80}.Release|x64.ActiveCfg = Release|Any CPU
		{6E24EC06-DBD9-4E55-8546-4D93AB4CBE80}.Release|x64.Build.0 = Release|Any CPU
		{6E24EC06-DBD9-4E55-8546-4D93AB4CBE80}.Release|x86.ActiveCfg = Release|Any CPU
		{6E24EC06-DBD9-4E55-8546-4D93AB4CBE80}.Release|x86.Build.0 = Release|Any CPU
		{46E68157-AE41-472D-8D3E-2D5A1987CCFD}.Debug|Any CPU.ActiveCfg = Debug|Any CPU
		{46E68157-AE41-472D-8D3E-2D5A1987CCFD}.Debug|Any CPU.Build.0 = Debug|Any CPU
		{46E68157-AE41-472D-8D3E-2D5A1987CCFD}.Debug|x64.ActiveCfg = Debug|Any CPU
		{46E68157-AE41-472D-8D3E-2D5A1987CCFD}.Debug|x64.Build.0 = Debug|Any CPU
		{46E68157-AE41-472D-8D3E-2D5A1987CCFD}.Debug|x86.ActiveCfg = Debug|Any CPU
		{46E68157-AE41-472D-8D3E-2D5A1987CCFD}.Debug|x86.Build.0 = Debug|Any CPU
		{46E68157-AE41-472D-8D3E-2D5A1987CCFD}.Release|Any CPU.ActiveCfg = Release|Any CPU
		{46E68157-AE41-472D-8D3E-2D5A1987CCFD}.Release|Any CPU.Build.0 = Release|Any CPU
		{46E68157-AE41-472D-8D3E-2D5A1987CCFD}.Release|x64.ActiveCfg = Release|Any CPU
		{46E68157-AE41-472D-8D3E-2D5A1987CCFD}.Release|x64.Build.0 = Release|Any CPU
		{46E68157-AE41-472D-8D3E-2D5A1987CCFD}.Release|x86.ActiveCfg = Release|Any CPU
		{46E68157-AE41-472D-8D3E-2D5A1987CCFD}.Release|x86.Build.0 = Release|Any CPU
		{D2AE1B31-0503-4AEC-8774-86E1D7CA6533}.Debug|Any CPU.ActiveCfg = Debug|Any CPU
		{D2AE1B31-0503-4AEC-8774-86E1D7CA6533}.Debug|Any CPU.Build.0 = Debug|Any CPU
		{D2AE1B31-0503-4AEC-8774-86E1D7CA6533}.Debug|x64.ActiveCfg = Debug|Any CPU
		{D2AE1B31-0503-4AEC-8774-86E1D7CA6533}.Debug|x64.Build.0 = Debug|Any CPU
		{D2AE1B31-0503-4AEC-8774-86E1D7CA6533}.Debug|x86.ActiveCfg = Debug|Any CPU
		{D2AE1B31-0503-4AEC-8774-86E1D7CA6533}.Debug|x86.Build.0 = Debug|Any CPU
		{D2AE1B31-0503-4AEC-8774-86E1D7CA6533}.Release|Any CPU.ActiveCfg = Release|Any CPU
		{D2AE1B31-0503-4AEC-8774-86E1D7CA6533}.Release|Any CPU.Build.0 = Release|Any CPU
		{D2AE1B31-0503-4AEC-8774-86E1D7CA6533}.Release|x64.ActiveCfg = Release|Any CPU
		{D2AE1B31-0503-4AEC-8774-86E1D7CA6533}.Release|x64.Build.0 = Release|Any CPU
		{D2AE1B31-0503-4AEC-8774-86E1D7CA6533}.Release|x86.ActiveCfg = Release|Any CPU
		{D2AE1B31-0503-4AEC-8774-86E1D7CA6533}.Release|x86.Build.0 = Release|Any CPU
		{90D47B48-7D43-40BA-942A-C38D4E03470E}.Debug|Any CPU.ActiveCfg = Debug|Any CPU
		{90D47B48-7D43-40BA-942A-C38D4E03470E}.Debug|Any CPU.Build.0 = Debug|Any CPU
		{90D47B48-7D43-40BA-942A-C38D4E03470E}.Debug|x64.ActiveCfg = Debug|Any CPU
		{90D47B48-7D43-40BA-942A-C38D4E03470E}.Debug|x64.Build.0 = Debug|Any CPU
		{90D47B48-7D43-40BA-942A-C38D4E03470E}.Debug|x86.ActiveCfg = Debug|Any CPU
		{90D47B48-7D43-40BA-942A-C38D4E03470E}.Debug|x86.Build.0 = Debug|Any CPU
		{90D47B48-7D43-40BA-942A-C38D4E03470E}.Release|Any CPU.ActiveCfg = Release|Any CPU
		{90D47B48-7D43-40BA-942A-C38D4E03470E}.Release|Any CPU.Build.0 = Release|Any CPU
		{90D47B48-7D43-40BA-942A-C38D4E03470E}.Release|x64.ActiveCfg = Release|Any CPU
		{90D47B48-7D43-40BA-942A-C38D4E03470E}.Release|x64.Build.0 = Release|Any CPU
		{90D47B48-7D43-40BA-942A-C38D4E03470E}.Release|x86.ActiveCfg = Release|Any CPU
		{90D47B48-7D43-40BA-942A-C38D4E03470E}.Release|x86.Build.0 = Release|Any CPU
		{4ACD5138-7128-4881-8057-06D6E1C2B4ED}.Debug|Any CPU.ActiveCfg = Debug|Any CPU
		{4ACD5138-7128-4881-8057-06D6E1C2B4ED}.Debug|Any CPU.Build.0 = Debug|Any CPU
		{4ACD5138-7128-4881-8057-06D6E1C2B4ED}.Debug|x64.ActiveCfg = Debug|Any CPU
		{4ACD5138-7128-4881-8057-06D6E1C2B4ED}.Debug|x64.Build.0 = Debug|Any CPU
		{4ACD5138-7128-4881-8057-06D6E1C2B4ED}.Debug|x86.ActiveCfg = Debug|Any CPU
		{4ACD5138-7128-4881-8057-06D6E1C2B4ED}.Debug|x86.Build.0 = Debug|Any CPU
		{4ACD5138-7128-4881-8057-06D6E1C2B4ED}.Release|Any CPU.ActiveCfg = Release|Any CPU
		{4ACD5138-7128-4881-8057-06D6E1C2B4ED}.Release|Any CPU.Build.0 = Release|Any CPU
		{4ACD5138-7128-4881-8057-06D6E1C2B4ED}.Release|x64.ActiveCfg = Release|Any CPU
		{4ACD5138-7128-4881-8057-06D6E1C2B4ED}.Release|x64.Build.0 = Release|Any CPU
		{4ACD5138-7128-4881-8057-06D6E1C2B4ED}.Release|x86.ActiveCfg = Release|Any CPU
		{4ACD5138-7128-4881-8057-06D6E1C2B4ED}.Release|x86.Build.0 = Release|Any CPU
	EndGlobalSection
	GlobalSection(SolutionProperties) = preSolution
		HideSolutionNode = FALSE
	EndGlobalSection
	GlobalSection(NestedProjects) = preSolution
		{ECF58D0A-F82B-4116-91DF-49588477FE54} = {827E0CD3-B72D-47B6-A68D-7590B98EB39B}
		{D0B6F4C1-A98A-46BE-B567-077CEF5FDDB0} = {827E0CD3-B72D-47B6-A68D-7590B98EB39B}
		{0A529EB1-7FDF-4E3E-8344-70CEA819FE98} = {827E0CD3-B72D-47B6-A68D-7590B98EB39B}
		{93AEA7C0-4B3C-4C70-AC9D-672DFE59EAFE} = {5D20AA90-6969-D8BD-9DCD-8634F4692FDA}
		{C64A82D5-4AC5-4E3E-BBBC-0DD34109BE33} = {5D20AA90-6969-D8BD-9DCD-8634F4692FDA}
		{2C23C22A-3AFF-4924-BDB1-3038711E1DA7} = {5D20AA90-6969-D8BD-9DCD-8634F4692FDA}
		{64E124BD-6001-4DE1-9C94-E988DFCFD379} = {5D20AA90-6969-D8BD-9DCD-8634F4692FDA}
		{689FC5A7-A1B8-4D02-AEDC-DEA5352BBF85} = {5D20AA90-6969-D8BD-9DCD-8634F4692FDA}
		{7B096B5A-3819-20F0-63A9-D3778BE23098} = {5D20AA90-6969-D8BD-9DCD-8634F4692FDA}
		{6E24EC06-DBD9-4E55-8546-4D93AB4CBE80} = {7B096B5A-3819-20F0-63A9-D3778BE23098}
		{46E68157-AE41-472D-8D3E-2D5A1987CCFD} = {7B096B5A-3819-20F0-63A9-D3778BE23098}
		{D2AE1B31-0503-4AEC-8774-86E1D7CA6533} = {7B096B5A-3819-20F0-63A9-D3778BE23098}
		{90D47B48-7D43-40BA-942A-C38D4E03470E} = {7B096B5A-3819-20F0-63A9-D3778BE23098}
		{4ACD5138-7128-4881-8057-06D6E1C2B4ED} = {7B096B5A-3819-20F0-63A9-D3778BE23098}
	EndGlobalSection
	GlobalSection(ExtensibilityGlobals) = postSolution
		SolutionGuid = {8AE23FDE-9E5B-4640-A9E0-F3958C7D5AF7}
	EndGlobalSection
EndGlobal
