
Microsoft Visual Studio Solution File, Format Version 12.00
# Visual Studio Version 17
VisualStudioVersion = 17.13.35931.197
MinimumVisualStudioVersion = 10.0.40219.1
Project("{2150E333-8FDC-42A3-9474-1A3956D46DE8}") = "samples", "samples", "{5D20AA90-6969-D8BD-9DCD-8634F4692FDA}"
EndProject
Project("{2150E333-8FDC-42A3-9474-1A3956D46DE8}") = "sdk", "sdk", "{FF13A09E-0E72-1904-124B-A4E979EF28D3}"
EndProject
Project("{FAE04EC0-301F-11D3-BF4B-00C04F79EFBC}") = "AppAmbit", "sdk\AppAmbit\AppAmbit.csproj", "{4F3F153F-1A8D-4F83-A8C7-A503477A6B1E}"
EndProject
Project("{FAE04EC0-301F-11D3-BF4B-00C04F79EFBC}") = "AppAmbit.Avalonia", "sdk\AppAmbit.Avalonia\AppAmbit.Avalonia.csproj", "{FF3CB3FA-2F49-4187-8758-651EB57B3D52}"
EndProject
Project("{FAE04EC0-301F-11D3-BF4B-00C04F79EFBC}") = "AppAmbit.App.Maui", "samples\AppAmbit.App.Maui\AppAmbit.App.Maui.csproj", "{B91D2201-510A-4DBC-87BA-810694E0C305}"
EndProject
Project("{FAE04EC0-301F-11D3-BF4B-00C04F79EFBC}") = "AppAmbit.App.Maui.Native.Android", "samples\AppAmbit.App.Maui.Native.Android\AppAmbit.App.Maui.Native.Android.csproj", "{CACD5B5A-1AC6-450B-A6D1-D73EB14EDC4E}"
EndProject
Project("{FAE04EC0-301F-11D3-BF4B-00C04F79EFBC}") = "AppAmbit.App.Maui.Native.macOS", "samples\AppAmbit.App.Maui.Native.macOS\AppAmbit.App.Maui.Native.macOS.csproj", "{C40890D8-46DC-4628-8811-45E7534BEDAF}"
EndProject
Project("{FAE04EC0-301F-11D3-BF4B-00C04F79EFBC}") = "AppAmbit.App.Maui.Native.iOS", "samples\AppAmbit.App.Maui.Native.iOS\AppAmbit.App.Maui.Native.iOS.csproj", "{99689EFD-5818-4780-90BF-0163C5E911CF}"
EndProject
Project("{FAE04EC0-301F-11D3-BF4B-00C04F79EFBC}") = "AppAmbit.App.WPF", "samples\AppAmbit.App.WPF\AppAmbit.App.WPF.csproj", "{98375F3C-1071-4F96-896A-E398E57C7455}"
EndProject
Project("{FAE04EC0-301F-11D3-BF4B-00C04F79EFBC}") = "AppAmbit.Maui", "sdk\AppAmbit.Maui\AppAmbit.Maui.csproj", "{02FFB2C0-ADD4-4C69-A403-55EA148A2A1D}"
EndProject
Global
	GlobalSection(SolutionConfigurationPlatforms) = preSolution
		Debug|Any CPU = Debug|Any CPU
		Debug|x64 = Debug|x64
		Debug|x86 = Debug|x86
		Release|Any CPU = Release|Any CPU
		Release|x64 = Release|x64
		Release|x86 = Release|x86
	EndGlobalSection
	GlobalSection(ProjectConfigurationPlatforms) = postSolution
		{4F3F153F-1A8D-4F83-A8C7-A503477A6B1E}.Debug|Any CPU.ActiveCfg = Debug|Any CPU
		{4F3F153F-1A8D-4F83-A8C7-A503477A6B1E}.Debug|Any CPU.Build.0 = Debug|Any CPU
		{4F3F153F-1A8D-4F83-A8C7-A503477A6B1E}.Debug|x64.ActiveCfg = Debug|Any CPU
		{4F3F153F-1A8D-4F83-A8C7-A503477A6B1E}.Debug|x64.Build.0 = Debug|Any CPU
		{4F3F153F-1A8D-4F83-A8C7-A503477A6B1E}.Debug|x86.ActiveCfg = Debug|Any CPU
		{4F3F153F-1A8D-4F83-A8C7-A503477A6B1E}.Debug|x86.Build.0 = Debug|Any CPU
		{4F3F153F-1A8D-4F83-A8C7-A503477A6B1E}.Release|Any CPU.ActiveCfg = Release|Any CPU
		{4F3F153F-1A8D-4F83-A8C7-A503477A6B1E}.Release|Any CPU.Build.0 = Release|Any CPU
		{4F3F153F-1A8D-4F83-A8C7-A503477A6B1E}.Release|x64.ActiveCfg = Release|Any CPU
		{4F3F153F-1A8D-4F83-A8C7-A503477A6B1E}.Release|x64.Build.0 = Release|Any CPU
		{4F3F153F-1A8D-4F83-A8C7-A503477A6B1E}.Release|x86.ActiveCfg = Release|Any CPU
		{4F3F153F-1A8D-4F83-A8C7-A503477A6B1E}.Release|x86.Build.0 = Release|Any CPU
		{FF3CB3FA-2F49-4187-8758-651EB57B3D52}.Debug|Any CPU.ActiveCfg = Debug|Any CPU
		{FF3CB3FA-2F49-4187-8758-651EB57B3D52}.Debug|Any CPU.Build.0 = Debug|Any CPU
		{FF3CB3FA-2F49-4187-8758-651EB57B3D52}.Debug|x64.ActiveCfg = Debug|Any CPU
		{FF3CB3FA-2F49-4187-8758-651EB57B3D52}.Debug|x64.Build.0 = Debug|Any CPU
		{FF3CB3FA-2F49-4187-8758-651EB57B3D52}.Debug|x86.ActiveCfg = Debug|Any CPU
		{FF3CB3FA-2F49-4187-8758-651EB57B3D52}.Debug|x86.Build.0 = Debug|Any CPU
		{FF3CB3FA-2F49-4187-8758-651EB57B3D52}.Release|Any CPU.ActiveCfg = Release|Any CPU
		{FF3CB3FA-2F49-4187-8758-651EB57B3D52}.Release|Any CPU.Build.0 = Release|Any CPU
		{FF3CB3FA-2F49-4187-8758-651EB57B3D52}.Release|x64.ActiveCfg = Release|Any CPU
		{FF3CB3FA-2F49-4187-8758-651EB57B3D52}.Release|x64.Build.0 = Release|Any CPU
		{FF3CB3FA-2F49-4187-8758-651EB57B3D52}.Release|x86.ActiveCfg = Release|Any CPU
		{FF3CB3FA-2F49-4187-8758-651EB57B3D52}.Release|x86.Build.0 = Release|Any CPU
		{B91D2201-510A-4DBC-87BA-810694E0C305}.Debug|Any CPU.ActiveCfg = Debug|Any CPU
		{B91D2201-510A-4DBC-87BA-810694E0C305}.Debug|Any CPU.Build.0 = Debug|Any CPU
		{B91D2201-510A-4DBC-87BA-810694E0C305}.Debug|x64.ActiveCfg = Debug|Any CPU
		{B91D2201-510A-4DBC-87BA-810694E0C305}.Debug|x64.Build.0 = Debug|Any CPU
		{B91D2201-510A-4DBC-87BA-810694E0C305}.Debug|x86.ActiveCfg = Debug|Any CPU
		{B91D2201-510A-4DBC-87BA-810694E0C305}.Debug|x86.Build.0 = Debug|Any CPU
		{B91D2201-510A-4DBC-87BA-810694E0C305}.Release|Any CPU.ActiveCfg = Release|Any CPU
		{B91D2201-510A-4DBC-87BA-810694E0C305}.Release|Any CPU.Build.0 = Release|Any CPU
		{B91D2201-510A-4DBC-87BA-810694E0C305}.Release|x64.ActiveCfg = Release|Any CPU
		{B91D2201-510A-4DBC-87BA-810694E0C305}.Release|x64.Build.0 = Release|Any CPU
		{B91D2201-510A-4DBC-87BA-810694E0C305}.Release|x86.ActiveCfg = Release|Any CPU
		{B91D2201-510A-4DBC-87BA-810694E0C305}.Release|x86.Build.0 = Release|Any CPU
		{CACD5B5A-1AC6-450B-A6D1-D73EB14EDC4E}.Debug|Any CPU.ActiveCfg = Debug|Any CPU
		{CACD5B5A-1AC6-450B-A6D1-D73EB14EDC4E}.Debug|Any CPU.Build.0 = Debug|Any CPU
		{CACD5B5A-1AC6-450B-A6D1-D73EB14EDC4E}.Debug|x64.ActiveCfg = Debug|Any CPU
		{CACD5B5A-1AC6-450B-A6D1-D73EB14EDC4E}.Debug|x64.Build.0 = Debug|Any CPU
		{CACD5B5A-1AC6-450B-A6D1-D73EB14EDC4E}.Debug|x86.ActiveCfg = Debug|Any CPU
		{CACD5B5A-1AC6-450B-A6D1-D73EB14EDC4E}.Debug|x86.Build.0 = Debug|Any CPU
		{CACD5B5A-1AC6-450B-A6D1-D73EB14EDC4E}.Release|Any CPU.ActiveCfg = Release|Any CPU
		{CACD5B5A-1AC6-450B-A6D1-D73EB14EDC4E}.Release|Any CPU.Build.0 = Release|Any CPU
		{CACD5B5A-1AC6-450B-A6D1-D73EB14EDC4E}.Release|x64.ActiveCfg = Release|Any CPU
		{CACD5B5A-1AC6-450B-A6D1-D73EB14EDC4E}.Release|x64.Build.0 = Release|Any CPU
		{CACD5B5A-1AC6-450B-A6D1-D73EB14EDC4E}.Release|x86.ActiveCfg = Release|Any CPU
		{CACD5B5A-1AC6-450B-A6D1-D73EB14EDC4E}.Release|x86.Build.0 = Release|Any CPU
		{C40890D8-46DC-4628-8811-45E7534BEDAF}.Debug|Any CPU.ActiveCfg = Debug|Any CPU
		{C40890D8-46DC-4628-8811-45E7534BEDAF}.Debug|Any CPU.Build.0 = Debug|Any CPU
		{C40890D8-46DC-4628-8811-45E7534BEDAF}.Debug|x64.ActiveCfg = Debug|Any CPU
		{C40890D8-46DC-4628-8811-45E7534BEDAF}.Debug|x64.Build.0 = Debug|Any CPU
		{C40890D8-46DC-4628-8811-45E7534BEDAF}.Debug|x86.ActiveCfg = Debug|Any CPU
		{C40890D8-46DC-4628-8811-45E7534BEDAF}.Debug|x86.Build.0 = Debug|Any CPU
		{C40890D8-46DC-4628-8811-45E7534BEDAF}.Release|Any CPU.ActiveCfg = Release|Any CPU
		{C40890D8-46DC-4628-8811-45E7534BEDAF}.Release|Any CPU.Build.0 = Release|Any CPU
		{C40890D8-46DC-4628-8811-45E7534BEDAF}.Release|x64.ActiveCfg = Release|Any CPU
		{C40890D8-46DC-4628-8811-45E7534BEDAF}.Release|x64.Build.0 = Release|Any CPU
		{C40890D8-46DC-4628-8811-45E7534BEDAF}.Release|x86.ActiveCfg = Release|Any CPU
		{C40890D8-46DC-4628-8811-45E7534BEDAF}.Release|x86.Build.0 = Release|Any CPU
		{99689EFD-5818-4780-90BF-0163C5E911CF}.Debug|Any CPU.ActiveCfg = Debug|Any CPU
		{99689EFD-5818-4780-90BF-0163C5E911CF}.Debug|Any CPU.Build.0 = Debug|Any CPU
		{99689EFD-5818-4780-90BF-0163C5E911CF}.Debug|x64.ActiveCfg = Debug|Any CPU
		{99689EFD-5818-4780-90BF-0163C5E911CF}.Debug|x64.Build.0 = Debug|Any CPU
		{99689EFD-5818-4780-90BF-0163C5E911CF}.Debug|x86.ActiveCfg = Debug|Any CPU
		{99689EFD-5818-4780-90BF-0163C5E911CF}.Debug|x86.Build.0 = Debug|Any CPU
		{99689EFD-5818-4780-90BF-0163C5E911CF}.Release|Any CPU.ActiveCfg = Release|Any CPU
		{99689EFD-5818-4780-90BF-0163C5E911CF}.Release|Any CPU.Build.0 = Release|Any CPU
		{99689EFD-5818-4780-90BF-0163C5E911CF}.Release|x64.ActiveCfg = Release|Any CPU
		{99689EFD-5818-4780-90BF-0163C5E911CF}.Release|x64.Build.0 = Release|Any CPU
		{99689EFD-5818-4780-90BF-0163C5E911CF}.Release|x86.ActiveCfg = Release|Any CPU
		{99689EFD-5818-4780-90BF-0163C5E911CF}.Release|x86.Build.0 = Release|Any CPU
		{98375F3C-1071-4F96-896A-E398E57C7455}.Debug|Any CPU.ActiveCfg = Debug|Any CPU
		{98375F3C-1071-4F96-896A-E398E57C7455}.Debug|Any CPU.Build.0 = Debug|Any CPU
		{98375F3C-1071-4F96-896A-E398E57C7455}.Debug|x64.ActiveCfg = Debug|Any CPU
		{98375F3C-1071-4F96-896A-E398E57C7455}.Debug|x64.Build.0 = Debug|Any CPU
		{98375F3C-1071-4F96-896A-E398E57C7455}.Debug|x86.ActiveCfg = Debug|Any CPU
		{98375F3C-1071-4F96-896A-E398E57C7455}.Debug|x86.Build.0 = Debug|Any CPU
		{98375F3C-1071-4F96-896A-E398E57C7455}.Release|Any CPU.ActiveCfg = Release|Any CPU
		{98375F3C-1071-4F96-896A-E398E57C7455}.Release|Any CPU.Build.0 = Release|Any CPU
		{98375F3C-1071-4F96-896A-E398E57C7455}.Release|x64.ActiveCfg = Release|Any CPU
		{98375F3C-1071-4F96-896A-E398E57C7455}.Release|x64.Build.0 = Release|Any CPU
		{98375F3C-1071-4F96-896A-E398E57C7455}.Release|x86.ActiveCfg = Release|Any CPU
		{98375F3C-1071-4F96-896A-E398E57C7455}.Release|x86.Build.0 = Release|Any CPU
		{02FFB2C0-ADD4-4C69-A403-55EA148A2A1D}.Debug|Any CPU.ActiveCfg = Debug|Any CPU
		{02FFB2C0-ADD4-4C69-A403-55EA148A2A1D}.Debug|Any CPU.Build.0 = Debug|Any CPU
		{02FFB2C0-ADD4-4C69-A403-55EA148A2A1D}.Debug|x64.ActiveCfg = Debug|Any CPU
		{02FFB2C0-ADD4-4C69-A403-55EA148A2A1D}.Debug|x64.Build.0 = Debug|Any CPU
		{02FFB2C0-ADD4-4C69-A403-55EA148A2A1D}.Debug|x86.ActiveCfg = Debug|Any CPU
		{02FFB2C0-ADD4-4C69-A403-55EA148A2A1D}.Debug|x86.Build.0 = Debug|Any CPU
		{02FFB2C0-ADD4-4C69-A403-55EA148A2A1D}.Release|Any CPU.ActiveCfg = Release|Any CPU
		{02FFB2C0-ADD4-4C69-A403-55EA148A2A1D}.Release|Any CPU.Build.0 = Release|Any CPU
		{02FFB2C0-ADD4-4C69-A403-55EA148A2A1D}.Release|x64.ActiveCfg = Release|Any CPU
		{02FFB2C0-ADD4-4C69-A403-55EA148A2A1D}.Release|x64.Build.0 = Release|Any CPU
		{02FFB2C0-ADD4-4C69-A403-55EA148A2A1D}.Release|x86.ActiveCfg = Release|Any CPU
		{02FFB2C0-ADD4-4C69-A403-55EA148A2A1D}.Release|x86.Build.0 = Release|Any CPU
	EndGlobalSection
	GlobalSection(SolutionProperties) = preSolution
		HideSolutionNode = FALSE
	EndGlobalSection
	GlobalSection(NestedProjects) = preSolution
		{4F3F153F-1A8D-4F83-A8C7-A503477A6B1E} = {FF13A09E-0E72-1904-124B-A4E979EF28D3}
		{FF3CB3FA-2F49-4187-8758-651EB57B3D52} = {FF13A09E-0E72-1904-124B-A4E979EF28D3}
		{B91D2201-510A-4DBC-87BA-810694E0C305} = {5D20AA90-6969-D8BD-9DCD-8634F4692FDA}
		{CACD5B5A-1AC6-450B-A6D1-D73EB14EDC4E} = {5D20AA90-6969-D8BD-9DCD-8634F4692FDA}
		{C40890D8-46DC-4628-8811-45E7534BEDAF} = {5D20AA90-6969-D8BD-9DCD-8634F4692FDA}
		{99689EFD-5818-4780-90BF-0163C5E911CF} = {5D20AA90-6969-D8BD-9DCD-8634F4692FDA}
		{98375F3C-1071-4F96-896A-E398E57C7455} = {5D20AA90-6969-D8BD-9DCD-8634F4692FDA}
		{02FFB2C0-ADD4-4C69-A403-55EA148A2A1D} = {FF13A09E-0E72-1904-124B-A4E979EF28D3}
	EndGlobalSection
	GlobalSection(ExtensibilityGlobals) = postSolution
		SolutionGuid = {8AE23FDE-9E5B-4640-A9E0-F3958C7D5AF7}
	EndGlobalSection
EndGlobal
